
Microsoft Visual Studio Solution File, Format Version 12.00
# Visual Studio Version 17
VisualStudioVersion = 17.3.32901.215
MinimumVisualStudioVersion = 10.0.40219.1
Project("{FAE04EC0-301F-11D3-BF4B-00C04F79EFBC}") = "BookStore", "WebApplication1\BookStore.csproj", "{3CABFC21-DBF7-4A56-A94E-D336A33F31EF}"
EndProject
Global
	GlobalSection(SolutionConfigurationPlatforms) = preSolution
		Debug|Any CPU = Debug|Any CPU
		Release|Any CPU = Release|Any CPU
	EndGlobalSection
	GlobalSection(ProjectConfigurationPlatforms) = postSolution
		{3CABFC21-DBF7-4A56-A94E-D336A33F31EF}.Debug|Any CPU.ActiveCfg = Debug|Any CPU
		{3CABFC21-DBF7-4A56-A94E-D336A33F31EF}.Debug|Any CPU.Build.0 = Debug|Any CPU
		{3CABFC21-DBF7-4A56-A94E-D336A33F31EF}.Release|Any CPU.ActiveCfg = Release|Any CPU
		{3CABFC21-DBF7-4A56-A94E-D336A33F31EF}.Release|Any CPU.Build.0 = Release|Any CPU
	EndGlobalSection
	GlobalSection(SolutionProperties) = preSolution
		HideSolutionNode = FALSE
	EndGlobalSection
	GlobalSection(ExtensibilityGlobals) = postSolution
		SolutionGuid = {10A650CA-38EE-4554-95BC-D0C4608534A3}
	EndGlobalSection
EndGlobal
