
Microsoft Visual Studio Solution File, Format Version 12.00
# Visual Studio Version 17
VisualStudioVersion = 17.3.32901.215
MinimumVisualStudioVersion = 10.0.40219.1
Project("{9A19103F-16F7-4668-BE54-9A1E7A4F7556}") = "BookStore", "BookStore\BookStore.csproj", "{33B35DDB-C32E-4AE2-B736-2884248A681A}"
EndProject
Project("{9A19103F-16F7-4668-BE54-9A1E7A4F7556}") = "BookStore.Models", "BookStore.Models\BookStore.Models.csproj", "{0FB671B3-4F1C-4AC1-877D-F3BEDDE952F6}"
EndProject
Project("{9A19103F-16F7-4668-BE54-9A1E7A4F7556}") = "BookStore.DL", "BookStore.DL\BookStore.DL.csproj", "{6263250E-B5EF-4A54-A775-52E40580BCE0}"
EndProject
Project("{9A19103F-16F7-4668-BE54-9A1E7A4F7556}") = "BookStore.BL", "BookStore.BL\BookStore.BL.csproj", "{2ACF7FCC-3FB5-4DDB-A433-D8867A7A2EDA}"
EndProject
Project("{9A19103F-16F7-4668-BE54-9A1E7A4F7556}") = "BookStore.Tests", "BookStore.Tests\BookStore.Tests.csproj", "{79B3321C-4274-4B71-9F40-5BFA8BD077E5}"
EndProject
Project("{FAE04EC0-301F-11D3-BF4B-00C04F79EFBC}") = "BookStore.Caches", "BookStore.Caches\BookStore.Caches.csproj", "{1A745F92-D2FF-4BCB-8D2B-4AC5697BD6B9}"
EndProject
Global
	GlobalSection(SolutionConfigurationPlatforms) = preSolution
		Debug|Any CPU = Debug|Any CPU
		Release|Any CPU = Release|Any CPU
	EndGlobalSection
	GlobalSection(ProjectConfigurationPlatforms) = postSolution
		{33B35DDB-C32E-4AE2-B736-2884248A681A}.Debug|Any CPU.ActiveCfg = Debug|Any CPU
		{33B35DDB-C32E-4AE2-B736-2884248A681A}.Debug|Any CPU.Build.0 = Debug|Any CPU
		{33B35DDB-C32E-4AE2-B736-2884248A681A}.Release|Any CPU.ActiveCfg = Release|Any CPU
		{33B35DDB-C32E-4AE2-B736-2884248A681A}.Release|Any CPU.Build.0 = Release|Any CPU
		{0FB671B3-4F1C-4AC1-877D-F3BEDDE952F6}.Debug|Any CPU.ActiveCfg = Debug|Any CPU
		{0FB671B3-4F1C-4AC1-877D-F3BEDDE952F6}.Debug|Any CPU.Build.0 = Debug|Any CPU
		{0FB671B3-4F1C-4AC1-877D-F3BEDDE952F6}.Release|Any CPU.ActiveCfg = Release|Any CPU
		{0FB671B3-4F1C-4AC1-877D-F3BEDDE952F6}.Release|Any CPU.Build.0 = Release|Any CPU
		{6263250E-B5EF-4A54-A775-52E40580BCE0}.Debug|Any CPU.ActiveCfg = Debug|Any CPU
		{6263250E-B5EF-4A54-A775-52E40580BCE0}.Debug|Any CPU.Build.0 = Debug|Any CPU
		{6263250E-B5EF-4A54-A775-52E40580BCE0}.Release|Any CPU.ActiveCfg = Release|Any CPU
		{6263250E-B5EF-4A54-A775-52E40580BCE0}.Release|Any CPU.Build.0 = Release|Any CPU
		{2ACF7FCC-3FB5-4DDB-A433-D8867A7A2EDA}.Debug|Any CPU.ActiveCfg = Debug|Any CPU
		{2ACF7FCC-3FB5-4DDB-A433-D8867A7A2EDA}.Debug|Any CPU.Build.0 = Debug|Any CPU
		{2ACF7FCC-3FB5-4DDB-A433-D8867A7A2EDA}.Release|Any CPU.ActiveCfg = Release|Any CPU
		{2ACF7FCC-3FB5-4DDB-A433-D8867A7A2EDA}.Release|Any CPU.Build.0 = Release|Any CPU
		{79B3321C-4274-4B71-9F40-5BFA8BD077E5}.Debug|Any CPU.ActiveCfg = Debug|Any CPU
		{79B3321C-4274-4B71-9F40-5BFA8BD077E5}.Debug|Any CPU.Build.0 = Debug|Any CPU
		{79B3321C-4274-4B71-9F40-5BFA8BD077E5}.Release|Any CPU.ActiveCfg = Release|Any CPU
		{79B3321C-4274-4B71-9F40-5BFA8BD077E5}.Release|Any CPU.Build.0 = Release|Any CPU
		{1A745F92-D2FF-4BCB-8D2B-4AC5697BD6B9}.Debug|Any CPU.ActiveCfg = Debug|Any CPU
		{1A745F92-D2FF-4BCB-8D2B-4AC5697BD6B9}.Debug|Any CPU.Build.0 = Debug|Any CPU
		{1A745F92-D2FF-4BCB-8D2B-4AC5697BD6B9}.Release|Any CPU.ActiveCfg = Release|Any CPU
		{1A745F92-D2FF-4BCB-8D2B-4AC5697BD6B9}.Release|Any CPU.Build.0 = Release|Any CPU
	EndGlobalSection
	GlobalSection(SolutionProperties) = preSolution
		HideSolutionNode = FALSE
	EndGlobalSection
	GlobalSection(ExtensibilityGlobals) = postSolution
		SolutionGuid = {8F5BE2A6-ED15-4EAA-991F-8F52D54F979B}
	EndGlobalSection
EndGlobal
